
Microsoft Visual Studio Solution File, Format Version 12.00
# Visual Studio Version 16
VisualStudioVersion = 16.0.30104.148
MinimumVisualStudioVersion = 10.0.40219.1
Project("{9A19103F-16F7-4668-BE54-9A1E7A4F7556}") = "2 Семестр", "2 Семестр.csproj", "{09E911DC-B267-47C0-969E-00F86AC75E64}"
EndProject
Project("{FAE04EC0-301F-11D3-BF4B-00C04F79EFBC}") = "UnitTestProject1", "..\UnitTestProject1\UnitTestProject1.csproj", "{A071FFDB-9134-4EC6-BB6C-A6A0501174DF}"
EndProject
Global
	GlobalSection(SolutionConfigurationPlatforms) = preSolution
		Debug|Any CPU = Debug|Any CPU
		Release|Any CPU = Release|Any CPU
	EndGlobalSection
	GlobalSection(ProjectConfigurationPlatforms) = postSolution
		{09E911DC-B267-47C0-969E-00F86AC75E64}.Debug|Any CPU.ActiveCfg = Debug|Any CPU
		{09E911DC-B267-47C0-969E-00F86AC75E64}.Debug|Any CPU.Build.0 = Debug|Any CPU
		{09E911DC-B267-47C0-969E-00F86AC75E64}.Release|Any CPU.ActiveCfg = Release|Any CPU
		{09E911DC-B267-47C0-969E-00F86AC75E64}.Release|Any CPU.Build.0 = Release|Any CPU
		{A071FFDB-9134-4EC6-BB6C-A6A0501174DF}.Debug|Any CPU.ActiveCfg = Debug|Any CPU
		{A071FFDB-9134-4EC6-BB6C-A6A0501174DF}.Debug|Any CPU.Build.0 = Debug|Any CPU
		{A071FFDB-9134-4EC6-BB6C-A6A0501174DF}.Release|Any CPU.ActiveCfg = Release|Any CPU
		{A071FFDB-9134-4EC6-BB6C-A6A0501174DF}.Release|Any CPU.Build.0 = Release|Any CPU
	EndGlobalSection
	GlobalSection(SolutionProperties) = preSolution
		HideSolutionNode = FALSE
	EndGlobalSection
	GlobalSection(ExtensibilityGlobals) = postSolution
		SolutionGuid = {02ED175F-4315-4BAD-9150-6F9BEAA2DA19}
	EndGlobalSection
EndGlobal
